Microsoft Visual Studio Solution File, Format Version 11.00
# Visual Studio 2010
Project("{F184B08F-C81C-45F6-A57F-5ABD9991F28F}") = "StandaloneDC", "StandaloneDC\StandaloneDC.vbproj", "{3D05F046-6BDE-4C8C-A0D9-3050F4A82937}"
EndProject
Project("{F184B08F-C81C-45F6-A57F-5ABD9991F28F}") = "DomainComponents", "DomainComponents\DomainComponents.vbproj", "{DA98CAD9-6D00-4B6F-A2DD-924425853B96}"
EndProject
Global
	GlobalSection(SolutionConfigurationPlatforms) = preSolution
		Debug|Any CPU = Debug|Any CPU
		Release|Any CPU = Release|Any CPU
	EndGlobalSection
	GlobalSection(ProjectConfigurationPlatforms) = postSolution
		{3D05F046-6BDE-4C8C-A0D9-3050F4A82937}.Debug|Any CPU.ActiveCfg = Debug|Any CPU
		{3D05F046-6BDE-4C8C-A0D9-3050F4A82937}.Debug|Any CPU.Build.0 = Debug|Any CPU
		{3D05F046-6BDE-4C8C-A0D9-3050F4A82937}.Release|Any CPU.ActiveCfg = Release|Any CPU
		{3D05F046-6BDE-4C8C-A0D9-3050F4A82937}.Release|Any CPU.Build.0 = Release|Any CPU
		{DA98CAD9-6D00-4B6F-A2DD-924425853B96}.Debug|Any CPU.ActiveCfg = Debug|Any CPU
		{DA98CAD9-6D00-4B6F-A2DD-924425853B96}.Debug|Any CPU.Build.0 = Debug|Any CPU
		{DA98CAD9-6D00-4B6F-A2DD-924425853B96}.Release|Any CPU.ActiveCfg = Release|Any CPU
		{DA98CAD9-6D00-4B6F-A2DD-924425853B96}.Release|Any CPU.Build.0 = Release|Any CPU
	EndGlobalSection
	GlobalSection(SolutionProperties) = preSolution
		HideSolutionNode = FALSE
	EndGlobalSection
EndGlobal
